
Microsoft Visual Studio Solution File, Format Version 12.00
# Visual Studio Version 17
VisualStudioVersion = 17.9.34728.123
MinimumVisualStudioVersion = 10.0.40219.1
Project("{FAE04EC0-301F-11D3-BF4B-00C04F79EFBC}") = "TempElementsLib", "TempElementsLib\TempElementsLib.csproj", "{4843903C-C545-4C0A-93E9-9652171D8BE0}"
EndProject
Project("{FAE04EC0-301F-11D3-BF4B-00C04F79EFBC}") = "TempElementsConsoleApp", "TempElementsConsoleApp\TempElementsConsoleApp.csproj", "{F28BD7B0-2194-43FA-80B3-623EA4FD5001}"
EndProject
Global
	GlobalSection(SolutionConfigurationPlatforms) = preSolution
		Debug|Any CPU = Debug|Any CPU
		Release|Any CPU = Release|Any CPU
	EndGlobalSection
	GlobalSection(ProjectConfigurationPlatforms) = postSolution
		{4843903C-C545-4C0A-93E9-9652171D8BE0}.Debug|Any CPU.ActiveCfg = Debug|Any CPU
		{4843903C-C545-4C0A-93E9-9652171D8BE0}.Debug|Any CPU.Build.0 = Debug|Any CPU
		{4843903C-C545-4C0A-93E9-9652171D8BE0}.Release|Any CPU.ActiveCfg = Release|Any CPU
		{4843903C-C545-4C0A-93E9-9652171D8BE0}.Release|Any CPU.Build.0 = Release|Any CPU
		{F28BD7B0-2194-43FA-80B3-623EA4FD5001}.Debug|Any CPU.ActiveCfg = Debug|Any CPU
		{F28BD7B0-2194-43FA-80B3-623EA4FD5001}.Debug|Any CPU.Build.0 = Debug|Any CPU
		{F28BD7B0-2194-43FA-80B3-623EA4FD5001}.Release|Any CPU.ActiveCfg = Release|Any CPU
		{F28BD7B0-2194-43FA-80B3-623EA4FD5001}.Release|Any CPU.Build.0 = Release|Any CPU
	EndGlobalSection
	GlobalSection(SolutionProperties) = preSolution
		HideSolutionNode = FALSE
	EndGlobalSection
	GlobalSection(ExtensibilityGlobals) = postSolution
		SolutionGuid = {F93B98D7-BEF9-4CCF-A871-0B9587404924}
	EndGlobalSection
EndGlobal
